// !$*UTF8*$!
{
	archiveVersion = 1;
	classes = {
	};
	objectVersion = 48;
	objects = {

/* Begin PBXBuildFile section */
		E50332EE1FC736EF002A92BE /* Character.swift.swift in Resources */ = {isa = PBXBuildFile; fileRef = E560FB651FC731AC0081DEAE /* Character.swift.swift */; };
		E50332EF1FC736EF002A92BE /* EffectImageManager.swift in Resources */ = {isa = PBXBuildFile; fileRef = E560FB661FC731AC0081DEAE /* EffectImageManager.swift */; };
		E50332F01FC736EF002A92BE /* EffectImages.swift in Resources */ = {isa = PBXBuildFile; fileRef = E560FB621FC731AC0081DEAE /* EffectImages.swift */; };
		E50332F11FC736EF002A92BE /* Enemy.swift in Resources */ = {isa = PBXBuildFile; fileRef = E560FB681FC731AC0081DEAE /* Enemy.swift */; };
		E50332F21FC736EF002A92BE /* Resource.swift in Resources */ = {isa = PBXBuildFile; fileRef = E560FB631FC731AC0081DEAE /* Resource.swift */; };
		E50332F31FC736EF002A92BE /* SoundManager.swift in Resources */ = {isa = PBXBuildFile; fileRef = E560FB671FC731AC0081DEAE /* SoundManager.swift */; };
		E50332F41FC736EF002A92BE /* Unit.swift in Resources */ = {isa = PBXBuildFile; fileRef = E560FB641FC731AC0081DEAE /* Unit.swift */; };
		E50332F51FC736EF002A92BE /* AppDelegate.swift in Resources */ = {isa = PBXBuildFile; fileRef = E560FABF1FC72C130081DEAE /* AppDelegate.swift */; };
		E50332F61FC736EF002A92BE /* ViewController.swift in Resources */ = {isa = PBXBuildFile; fileRef = E560FAC11FC72C130081DEAE /* ViewController.swift */; };
		E50332F71FC736F7002A92BE /* NSCoder+CodingKeySettable.swift in Resources */ = {isa = PBXBuildFile; fileRef = E560FB5D1FC731790081DEAE /* NSCoder+CodingKeySettable.swift */; };
		E50332F81FC736F7002A92BE /* UIImage+Cropping.swift in Resources */ = {isa = PBXBuildFile; fileRef = E560FB5E1FC731790081DEAE /* UIImage+Cropping.swift */; };
		E50332F91FC736F7002A92BE /* UIImage+Gif.swift in Resources */ = {isa = PBXBuildFile; fileRef = E560FB5F1FC731790081DEAE /* UIImage+Gif.swift */; };
		E50332FA1FC736F7002A92BE /* UINavigationController+Orientation.swift in Resources */ = {isa = PBXBuildFile; fileRef = E560FB601FC731790081DEAE /* UINavigationController+Orientation.swift */; };
		E50332FB1FC736F7002A92BE /* UIView+Animation.swift in Resources */ = {isa = PBXBuildFile; fileRef = E560FB611FC731790081DEAE /* UIView+Animation.swift */; };
		E50332FC1FC73701002A92BE /* battle.gif in Resources */ = {isa = PBXBuildFile; fileRef = E560FB4E1FC731490081DEAE /* battle.gif */; };
		E50332FD1FC73701002A92BE /* BattleAnimationViewController.swift in Resources */ = {isa = PBXBuildFile; fileRef = E560FB4F1FC731490081DEAE /* BattleAnimationViewController.swift */; };
		E50332FE1FC73701002A92BE /* BattleAnimationViewController.xib in Resources */ = {isa = PBXBuildFile; fileRef = E560FB501FC731490081DEAE /* BattleAnimationViewController.xib */; };
		E50332FF1FC73701002A92BE /* BattleDetailLogViewController.swift in Resources */ = {isa = PBXBuildFile; fileRef = E560FB511FC731490081DEAE /* BattleDetailLogViewController.swift */; };
		E50333001FC73701002A92BE /* BattleDetailLogViewController.xib in Resources */ = {isa = PBXBuildFile; fileRef = E560FB521FC731490081DEAE /* BattleDetailLogViewController.xib */; };
		E50333011FC73701002A92BE /* BattleLog.swift in Resources */ = {isa = PBXBuildFile; fileRef = E560FB531FC731490081DEAE /* BattleLog.swift */; };
		E50333021FC73701002A92BE /* BattleLogGenerator.swift in Resources */ = {isa = PBXBuildFile; fileRef = E560FB541FC731490081DEAE /* BattleLogGenerator.swift */; };
		E50333031FC73701002A92BE /* BattleLogicProtocol.swift in Resources */ = {isa = PBXBuildFile; fileRef = E560FB551FC731490081DEAE /* BattleLogicProtocol.swift */; };
		E50333041FC73701002A92BE /* BattleLogViewController.swift in Resources */ = {isa = PBXBuildFile; fileRef = E560FB561FC731490081DEAE /* BattleLogViewController.swift */; };
		E50333051FC73701002A92BE /* BattleUnitView.swift in Resources */ = {isa = PBXBuildFile; fileRef = E560FB571FC731490081DEAE /* BattleUnitView.swift */; };
		E50333061FC73701002A92BE /* BattleUnitView.xib in Resources */ = {isa = PBXBuildFile; fileRef = E560FB581FC731490081DEAE /* BattleUnitView.xib */; };
		E50333071FC7370E002A92BE /* logo.png in Resources */ = {isa = PBXBuildFile; fileRef = E560FB8A1FC735FF0081DEAE /* logo.png */; };
		E50333081FC7370E002A92BE /* mes_bk.png in Resources */ = {isa = PBXBuildFile; fileRef = E560FB821FC735FD0081DEAE /* mes_bk.png */; };
		E50333091FC7370E002A92BE /* r_dark.png in Resources */ = {isa = PBXBuildFile; fileRef = E560FB8C1FC735FF0081DEAE /* r_dark.png */; };
		E503330A1FC7370E002A92BE /* r_fire.png in Resources */ = {isa = PBXBuildFile; fileRef = E560FB7C1FC735FD0081DEAE /* r_fire.png */; };
		E503330B1FC7370E002A92BE /* r_ice.png in Resources */ = {isa = PBXBuildFile; fileRef = E560FB881FC735FE0081DEAE /* r_ice.png */; };
		E503330C1FC7370E002A92BE /* r_leaf.png in Resources */ = {isa = PBXBuildFile; fileRef = E560FB8B1FC735FF0081DEAE /* r_leaf.png */; };
		E503330D1FC7370E002A92BE /* r_shine.png in Resources */ = {isa = PBXBuildFile; fileRef = E560FB8E1FC736000081DEAE /* r_shine.png */; };
		E503330E1FC7370E002A92BE /* r_thunder.png in Resources */ = {isa = PBXBuildFile; fileRef = E560FB831FC735FD0081DEAE /* r_thunder.png */; };
		E503330F1FC7370E002A92BE /* s22.gif in Resources */ = {isa = PBXBuildFile; fileRef = E560FB871FC735FE0081DEAE /* s22.gif */; };
		E50333101FC7370E002A92BE /* sam2.gif in Resources */ = {isa = PBXBuildFile; fileRef = E560FB811FC735FD0081DEAE /* sam2.gif */; };
		E50333111FC7370E002A92BE /* sammon2.gif in Resources */ = {isa = PBXBuildFile; fileRef = E560FB7E1FC735FD0081DEAE /* sammon2.gif */; };
		E50333121FC7370E002A92BE /* slash.png in Resources */ = {isa = PBXBuildFile; fileRef = E560FB851FC735FE0081DEAE /* slash.png */; };
		E50333131FC7370E002A92BE /* sougen.png in Resources */ = {isa = PBXBuildFile; fileRef = E560FB7F1FC735FD0081DEAE /* sougen.png */; };
		E50333151FC7370E002A92BE /* sozai2.png in Resources */ = {isa = PBXBuildFile; fileRef = E560FB8F1FC736000081DEAE /* sozai2.png */; };
		E50333161FC7370E002A92BE /* title.png in Resources */ = {isa = PBXBuildFile; fileRef = E560FB861FC735FE0081DEAE /* title.png */; };
		E50333171FC7370E002A92BE /* ヴァルキリー.png in Resources */ = {isa = PBXBuildFile; fileRef = E560FB841FC735FE0081DEAE /* ヴァルキリー.png */; };
		E50333181FC7370E002A92BE /* オーディン.png in Resources */ = {isa = PBXBuildFile; fileRef = E560FB7D1FC735FD0081DEAE /* オーディン.png */; };
		E50333191FC7370E002A92BE /* シャドウ.png in Resources */ = {isa = PBXBuildFile; fileRef = E560FB891FC735FF0081DEAE /* シャドウ.png */; };
		E503331A1FC7370E002A92BE /* ユミル.png in Resources */ = {isa = PBXBuildFile; fileRef = E560FB801FC735FD0081DEAE /* ユミル.png */; };
		E503331B1FC7370E002A92BE /* aura.mp3 in Resources */ = {isa = PBXBuildFile; fileRef = E560FB451FC731040081DEAE /* aura.mp3 */; };
		E503331C1FC7370E002A92BE /* battle.m4a in Resources */ = {isa = PBXBuildFile; fileRef = E560FB461FC731040081DEAE /* battle.m4a */; };
		E503331D1FC7370E002A92BE /* hometown.m4a in Resources */ = {isa = PBXBuildFile; fileRef = E560FB471FC731040081DEAE /* hometown.m4a */; };
		E503331E1FC7370E002A92BE /* lose.m4a in Resources */ = {isa = PBXBuildFile; fileRef = E560FB481FC731040081DEAE /* lose.m4a */; };
		E503331F1FC7370E002A92BE /* punch-middle2.mp3 in Resources */ = {isa = PBXBuildFile; fileRef = E560FB491FC731040081DEAE /* punch-middle2.mp3 */; };
		E50333201FC7370E002A92BE /* select.mp3 in Resources */ = {isa = PBXBuildFile; fileRef = E560FB4A1FC731040081DEAE /* select.mp3 */; };
		E50333211FC7370E002A92BE /* sword-slash1.mp3 in Resources */ = {isa = PBXBuildFile; fileRef = E560FB4B1FC731040081DEAE /* sword-slash1.mp3 */; };
		E50333221FC7370E002A92BE /* win.m4a in Resources */ = {isa = PBXBuildFile; fileRef = E560FB4C1FC731040081DEAE /* win.m4a */; };
		E50333291FC740C0002A92BE /* DKUnitStatusView.swift in Sources */ = {isa = PBXBuildFile; fileRef = E50333281FC740C0002A92BE /* DKUnitStatusView.swift */; };
		E503332B1FC740CC002A92BE /* DKUnitStatusView.xib in Resources */ = {isa = PBXBuildFile; fileRef = E503332A1FC740CC002A92BE /* DKUnitStatusView.xib */; };
		E50333351FC75D56002A92BE /* Title03c.png in Resources */ = {isa = PBXBuildFile; fileRef = E50333341FC754BC002A92BE /* Title03c.png */; };
		E50333361FC75D56002A92BE /* book04.png in Resources */ = {isa = PBXBuildFile; fileRef = E503332D1FC74659002A92BE /* book04.png */; };
		E50333371FC75D56002A92BE /* sword.png in Resources */ = {isa = PBXBuildFile; fileRef = E50333301FC74DB1002A92BE /* sword.png */; };
		E50333381FC75D56002A92BE /* shield.png in Resources */ = {isa = PBXBuildFile; fileRef = E50333311FC74E01002A92BE /* shield.png */; };
		E50333391FC75D56002A92BE /* boots.png in Resources */ = {isa = PBXBuildFile; fileRef = E50333321FC74E57002A92BE /* boots.png */; };
		E503333A1FC75D56002A92BE /* lucky.png in Resources */ = {isa = PBXBuildFile; fileRef = E50333331FC74F20002A92BE /* lucky.png */; };
		E503333B1FC75D5C002A92BE /* status_valkely.png in Resources */ = {isa = PBXBuildFile; fileRef = E503332C1FC7422A002A92BE /* status_valkely.png */; };
		E503333C1FC75D8E002A92BE /* DKUnitStatusView.swift in Resources */ = {isa = PBXBuildFile; fileRef = E50333281FC740C0002A92BE /* DKUnitStatusView.swift */; };
		E560FAC01FC72C130081DEAE /* AppDelegate.swift in Sources */ = {isa = PBXBuildFile; fileRef = E560FABF1FC72C130081DEAE /* AppDelegate.swift */; };
		E560FAC21FC72C130081DEAE /* ViewController.swift in Sources */ = {isa = PBXBuildFile; fileRef = E560FAC11FC72C130081DEAE /* ViewController.swift */; };
		E560FAC51FC72C130081DEAE /* Main.storyboard in Resources */ = {isa = PBXBuildFile; fileRef = E560FAC31FC72C130081DEAE /* Main.storyboard */; };
		E560FAC71FC72C130081DEAE /* Assets.xcassets in Resources */ = {isa = PBXBuildFile; fileRef = E560FAC61FC72C130081DEAE /* Assets.xcassets */; };
		E560FACA1FC72C130081DEAE /* LaunchScreen.storyboard in Resources */ = {isa = PBXBuildFile; fileRef = E560FAC81FC72C130081DEAE /* LaunchScreen.storyboard */; };
		E560FAD51FC72C130081DEAE /* Digikore2Tests.swift in Sources */ = {isa = PBXBuildFile; fileRef = E560FAD41FC72C130081DEAE /* Digikore2Tests.swift */; };
		E560FAE01FC72C130081DEAE /* Digikore2UITests.swift in Sources */ = {isa = PBXBuildFile; fileRef = E560FADF1FC72C130081DEAE /* Digikore2UITests.swift */; };
		E560FB691FC731AD0081DEAE /* EffectImages.swift in Sources */ = {isa = PBXBuildFile; fileRef = E560FB621FC731AC0081DEAE /* EffectImages.swift */; };
		E560FB6A1FC731AD0081DEAE /* Resource.swift in Sources */ = {isa = PBXBuildFile; fileRef = E560FB631FC731AC0081DEAE /* Resource.swift */; };
		E560FB6B1FC731AD0081DEAE /* Unit.swift in Sources */ = {isa = PBXBuildFile; fileRef = E560FB641FC731AC0081DEAE /* Unit.swift */; };
		E560FB6C1FC731AD0081DEAE /* Character.swift.swift in Sources */ = {isa = PBXBuildFile; fileRef = E560FB651FC731AC0081DEAE /* Character.swift.swift */; };
		E560FB6D1FC731AD0081DEAE /* EffectImageManager.swift in Sources */ = {isa = PBXBuildFile; fileRef = E560FB661FC731AC0081DEAE /* EffectImageManager.swift */; };
		E560FB6E1FC731AD0081DEAE /* SoundManager.swift in Sources */ = {isa = PBXBuildFile; fileRef = E560FB671FC731AC0081DEAE /* SoundManager.swift */; };
		E560FB6F1FC731AD0081DEAE /* Enemy.swift in Sources */ = {isa = PBXBuildFile; fileRef = E560FB681FC731AC0081DEAE /* Enemy.swift */; };
		E560FB701FC732970081DEAE /* UIImage+Gif.swift in Sources */ = {isa = PBXBuildFile; fileRef = E560FB5F1FC731790081DEAE /* UIImage+Gif.swift */; };
		E560FB711FC732970081DEAE /* NSCoder+CodingKeySettable.swift in Sources */ = {isa = PBXBuildFile; fileRef = E560FB5D1FC731790081DEAE /* NSCoder+CodingKeySettable.swift */; };
		E560FB721FC732970081DEAE /* UINavigationController+Orientation.swift in Sources */ = {isa = PBXBuildFile; fileRef = E560FB601FC731790081DEAE /* UINavigationController+Orientation.swift */; };
		E560FB731FC732970081DEAE /* UIView+Animation.swift in Sources */ = {isa = PBXBuildFile; fileRef = E560FB611FC731790081DEAE /* UIView+Animation.swift */; };
		E560FB741FC732970081DEAE /* UIImage+Cropping.swift in Sources */ = {isa = PBXBuildFile; fileRef = E560FB5E1FC731790081DEAE /* UIImage+Cropping.swift */; };
		E560FB751FC732AF0081DEAE /* BattleUnitView.swift in Sources */ = {isa = PBXBuildFile; fileRef = E560FB571FC731490081DEAE /* BattleUnitView.swift */; };
		E560FB761FC732AF0081DEAE /* BattleLog.swift in Sources */ = {isa = PBXBuildFile; fileRef = E560FB531FC731490081DEAE /* BattleLog.swift */; };
		E560FB771FC732AF0081DEAE /* BattleAnimationViewController.swift in Sources */ = {isa = PBXBuildFile; fileRef = E560FB4F1FC731490081DEAE /* BattleAnimationViewController.swift */; };
		E560FB781FC732AF0081DEAE /* BattleDetailLogViewController.swift in Sources */ = {isa = PBXBuildFile; fileRef = E560FB511FC731490081DEAE /* BattleDetailLogViewController.swift */; };
		E560FB791FC732AF0081DEAE /* BattleLogGenerator.swift in Sources */ = {isa = PBXBuildFile; fileRef = E560FB541FC731490081DEAE /* BattleLogGenerator.swift */; };
		E560FB7A1FC732AF0081DEAE /* BattleLogicProtocol.swift in Sources */ = {isa = PBXBuildFile; fileRef = E560FB551FC731490081DEAE /* BattleLogicProtocol.swift */; };
		E560FB7B1FC732AF0081DEAE /* BattleLogViewController.swift in Sources */ = {isa = PBXBuildFile; fileRef = E560FB561FC731490081DEAE /* BattleLogViewController.swift */; };
		E5B9D1E51FCADFAD0003A676 /* sozai.png in Resources */ = {isa = PBXBuildFile; fileRef = E5B9D1E41FCADF5E0003A676 /* sozai.png */; };
		E5B9D1E91FCAE14E0003A676 /* GL-Runen.ttf in Resources */ = {isa = PBXBuildFile; fileRef = E503332F1FC74854002A92BE /* GL-Runen.ttf */; };
		E5BABA051FC9BCC0008737A0 /* secret.png in Resources */ = {isa = PBXBuildFile; fileRef = E503333E1FC9A9A8002A92BE /* secret.png */; };
		E5BABA061FC9BCC0008737A0 /* magic.png in Resources */ = {isa = PBXBuildFile; fileRef = E503333D1FC9A6AE002A92BE /* magic.png */; };
/* End PBXBuildFile section */

/* Begin PBXContainerItemProxy section */
		E560FAD11FC72C130081DEAE /* PBXContainerItemProxy */ = {
			isa = PBXContainerItemProxy;
			containerPortal = E560FAB41FC72C130081DEAE /* Project object */;
			proxyType = 1;
			remoteGlobalIDString = E560FABB1FC72C130081DEAE;
			remoteInfo = Digikore2;
		};
		E560FADC1FC72C130081DEAE /* PBXContainerItemProxy */ = {
			isa = PBXContainerItemProxy;
			containerPortal = E560FAB41FC72C130081DEAE /* Project object */;
			proxyType = 1;
			remoteGlobalIDString = E560FABB1FC72C130081DEAE;
			remoteInfo = Digikore2;
		};
/* End PBXContainerItemProxy section */

/* Begin PBXFileReference section */
		E50333281FC740C0002A92BE /* DKUnitStatusView.swift */ = {isa = PBXFileReference; lastKnownFileType = sourcecode.swift; path = DKUnitStatusView.swift; sourceTree = "<group>"; };
		E503332A1FC740CC002A92BE /* DKUnitStatusView.xib */ = {isa = PBXFileReference; lastKnownFileType = file.xib; path = DKUnitStatusView.xib; sourceTree = "<group>"; };
		E503332C1FC7422A002A92BE /* status_valkely.png */ = {isa = PBXFileReference; lastKnownFileType = image.png; path = status_valkely.png; sourceTree = "<group>"; };
		E503332D1FC74659002A92BE /* book04.png */ = {isa = PBXFileReference; lastKnownFileType = image.png; path = book04.png; sourceTree = "<group>"; };
		E503332F1FC74854002A92BE /* GL-Runen.ttf */ = {isa = PBXFileReference; lastKnownFileType = file; path = "GL-Runen.ttf"; sourceTree = "<group>"; };
		E50333301FC74DB1002A92BE /* sword.png */ = {isa = PBXFileReference; lastKnownFileType = image.png; path = sword.png; sourceTree = "<group>"; };
		E50333311FC74E01002A92BE /* shield.png */ = {isa = PBXFileReference; lastKnownFileType = image.png; path = shield.png; sourceTree = "<group>"; };
		E50333321FC74E57002A92BE /* boots.png */ = {isa = PBXFileReference; lastKnownFileType = image.png; path = boots.png; sourceTree = "<group>"; };
		E50333331FC74F20002A92BE /* lucky.png */ = {isa = PBXFileReference; lastKnownFileType = image.png; path = lucky.png; sourceTree = "<group>"; };
		E50333341FC754BC002A92BE /* Title03c.png */ = {isa = PBXFileReference; lastKnownFileType = image.png; path = Title03c.png; sourceTree = "<group>"; };
		E503333D1FC9A6AE002A92BE /* magic.png */ = {isa = PBXFileReference; lastKnownFileType = image.png; path = magic.png; sourceTree = "<group>"; };
		E503333E1FC9A9A8002A92BE /* secret.png */ = {isa = PBXFileReference; lastKnownFileType = image.png; path = secret.png; sourceTree = "<group>"; };
		E560FABC1FC72C130081DEAE /* Digikore2.app */ = {isa = PBXFileReference; explicitFileType = wrapper.application; includeInIndex = 0; path = Digikore2.app; sourceTree = BUILT_PRODUCTS_DIR; };
		E560FABF1FC72C130081DEAE /* AppDelegate.swift */ = {isa = PBXFileReference; lastKnownFileType = sourcecode.swift; path = AppDelegate.swift; sourceTree = "<group>"; };
		E560FAC11FC72C130081DEAE /* ViewController.swift */ = {isa = PBXFileReference; lastKnownFileType = sourcecode.swift; path = ViewController.swift; sourceTree = "<group>"; };
		E560FAC41FC72C130081DEAE /* Base */ = {isa = PBXFileReference; lastKnownFileType = file.storyboard; name = Base; path = Base.lproj/Main.storyboard; sourceTree = "<group>"; };
		E560FAC61FC72C130081DEAE /* Assets.xcassets */ = {isa = PBXFileReference; lastKnownFileType = folder.assetcatalog; path = Assets.xcassets; sourceTree = "<group>"; };
		E560FAC91FC72C130081DEAE /* Base */ = {isa = PBXFileReference; lastKnownFileType = file.storyboard; name = Base; path = Base.lproj/LaunchScreen.storyboard; sourceTree = "<group>"; };
		E560FACB1FC72C130081DEAE /* Info.plist */ = {isa = PBXFileReference; lastKnownFileType = text.plist.xml; path = Info.plist; sourceTree = "<group>"; };
		E560FAD01FC72C130081DEAE /* Digikore2Tests.xctest */ = {isa = PBXFileReference; explicitFileType = wrapper.cfbundle; includeInIndex = 0; path = Digikore2Tests.xctest; sourceTree = BUILT_PRODUCTS_DIR; };
		E560FAD41FC72C130081DEAE /* Digikore2Tests.swift */ = {isa = PBXFileReference; lastKnownFileType = sourcecode.swift; path = Digikore2Tests.swift; sourceTree = "<group>"; };
		E560FAD61FC72C130081DEAE /* Info.plist */ = {isa = PBXFileReference; lastKnownFileType = text.plist.xml; path = Info.plist; sourceTree = "<group>"; };
		E560FADB1FC72C130081DEAE /* Digikore2UITests.xctest */ = {isa = PBXFileReference; explicitFileType = wrapper.cfbundle; includeInIndex = 0; path = Digikore2UITests.xctest; sourceTree = BUILT_PRODUCTS_DIR; };
		E560FADF1FC72C130081DEAE /* Digikore2UITests.swift */ = {isa = PBXFileReference; lastKnownFileType = sourcecode.swift; path = Digikore2UITests.swift; sourceTree = "<group>"; };
		E560FAE11FC72C130081DEAE /* Info.plist */ = {isa = PBXFileReference; lastKnownFileType = text.plist.xml; path = Info.plist; sourceTree = "<group>"; };
		E560FB451FC731040081DEAE /* aura.mp3 */ = {isa = PBXFileReference; lastKnownFileType = audio.mp3; path = aura.mp3; sourceTree = "<group>"; };
		E560FB461FC731040081DEAE /* battle.m4a */ = {isa = PBXFileReference; lastKnownFileType = file; path = battle.m4a; sourceTree = "<group>"; };
		E560FB471FC731040081DEAE /* hometown.m4a */ = {isa = PBXFileReference; lastKnownFileType = file; path = hometown.m4a; sourceTree = "<group>"; };
		E560FB481FC731040081DEAE /* lose.m4a */ = {isa = PBXFileReference; lastKnownFileType = file; path = lose.m4a; sourceTree = "<group>"; };
		E560FB491FC731040081DEAE /* punch-middle2.mp3 */ = {isa = PBXFileReference; lastKnownFileType = audio.mp3; path = "punch-middle2.mp3"; sourceTree = "<group>"; };
		E560FB4A1FC731040081DEAE /* select.mp3 */ = {isa = PBXFileReference; lastKnownFileType = audio.mp3; path = select.mp3; sourceTree = "<group>"; };
		E560FB4B1FC731040081DEAE /* sword-slash1.mp3 */ = {isa = PBXFileReference; lastKnownFileType = audio.mp3; path = "sword-slash1.mp3"; sourceTree = "<group>"; };
		E560FB4C1FC731040081DEAE /* win.m4a */ = {isa = PBXFileReference; lastKnownFileType = file; path = win.m4a; sourceTree = "<group>"; };
		E560FB4E1FC731490081DEAE /* battle.gif */ = {isa = PBXFileReference; lastKnownFileType = image.gif; path = battle.gif; sourceTree = "<group>"; };
		E560FB4F1FC731490081DEAE /* BattleAnimationViewController.swift */ = {isa = PBXFileReference; lastKnownFileType = sourcecode.swift; path = BattleAnimationViewController.swift; sourceTree = "<group>"; };
		E560FB501FC731490081DEAE /* BattleAnimationViewController.xib */ = {isa = PBXFileReference; lastKnownFileType = file.xib; path = BattleAnimationViewController.xib; sourceTree = "<group>"; };
		E560FB511FC731490081DEAE /* BattleDetailLogViewController.swift */ = {isa = PBXFileReference; lastKnownFileType = sourcecode.swift; path = BattleDetailLogViewController.swift; sourceTree = "<group>"; };
		E560FB521FC731490081DEAE /* BattleDetailLogViewController.xib */ = {isa = PBXFileReference; lastKnownFileType = file.xib; path = BattleDetailLogViewController.xib; sourceTree = "<group>"; };
		E560FB531FC731490081DEAE /* BattleLog.swift */ = {isa = PBXFileReference; lastKnownFileType = sourcecode.swift; path = BattleLog.swift; sourceTree = "<group>"; };
		E560FB541FC731490081DEAE /* BattleLogGenerator.swift */ = {isa = PBXFileReference; lastKnownFileType = sourcecode.swift; path = BattleLogGenerator.swift; sourceTree = "<group>"; };
		E560FB551FC731490081DEAE /* BattleLogicProtocol.swift */ = {isa = PBXFileReference; lastKnownFileType = sourcecode.swift; path = BattleLogicProtocol.swift; sourceTree = "<group>"; };
		E560FB561FC731490081DEAE /* BattleLogViewController.swift */ = {isa = PBXFileReference; lastKnownFileType = sourcecode.swift; path = BattleLogViewController.swift; sourceTree = "<group>"; };
		E560FB571FC731490081DEAE /* BattleUnitView.swift */ = {isa = PBXFileReference; lastKnownFileType = sourcecode.swift; path = BattleUnitView.swift; sourceTree = "<group>"; };
		E560FB581FC731490081DEAE /* BattleUnitView.xib */ = {isa = PBXFileReference; lastKnownFileType = file.xib; path = BattleUnitView.xib; sourceTree = "<group>"; };
		E560FB5D1FC731790081DEAE /* NSCoder+CodingKeySettable.swift */ = {isa = PBXFileReference; lastKnownFileType = sourcecode.swift; path = "NSCoder+CodingKeySettable.swift"; sourceTree = "<group>"; };
		E560FB5E1FC731790081DEAE /* UIImage+Cropping.swift */ = {isa = PBXFileReference; lastKnownFileType = sourcecode.swift; path = "UIImage+Cropping.swift"; sourceTree = "<group>"; };
		E560FB5F1FC731790081DEAE /* UIImage+Gif.swift */ = {isa = PBXFileReference; lastKnownFileType = sourcecode.swift; path = "UIImage+Gif.swift"; sourceTree = "<group>"; };
		E560FB601FC731790081DEAE /* UINavigationController+Orientation.swift */ = {isa = PBXFileReference; lastKnownFileType = sourcecode.swift; path = "UINavigationController+Orientation.swift"; sourceTree = "<group>"; };
		E560FB611FC731790081DEAE /* UIView+Animation.swift */ = {isa = PBXFileReference; lastKnownFileType = sourcecode.swift; path = "UIView+Animation.swift"; sourceTree = "<group>"; };
		E560FB621FC731AC0081DEAE /* EffectImages.swift */ = {isa = PBXFileReference; lastKnownFileType = sourcecode.swift; path = EffectImages.swift; sourceTree = "<group>"; };
		E560FB631FC731AC0081DEAE /* Resource.swift */ = {isa = PBXFileReference; lastKnownFileType = sourcecode.swift; path = Resource.swift; sourceTree = "<group>"; };
		E560FB641FC731AC0081DEAE /* Unit.swift */ = {isa = PBXFileReference; lastKnownFileType = sourcecode.swift; path = Unit.swift; sourceTree = "<group>"; };
		E560FB651FC731AC0081DEAE /* Character.swift.swift */ = {isa = PBXFileReference; lastKnownFileType = sourcecode.swift; path = Character.swift.swift; sourceTree = "<group>"; };
		E560FB661FC731AC0081DEAE /* EffectImageManager.swift */ = {isa = PBXFileReference; lastKnownFileType = sourcecode.swift; path = EffectImageManager.swift; sourceTree = "<group>"; };
		E560FB671FC731AC0081DEAE /* SoundManager.swift */ = {isa = PBXFileReference; lastKnownFileType = sourcecode.swift; path = SoundManager.swift; sourceTree = "<group>"; };
		E560FB681FC731AC0081DEAE /* Enemy.swift */ = {isa = PBXFileReference; lastKnownFileType = sourcecode.swift; path = Enemy.swift; sourceTree = "<group>"; };
		E560FB7C1FC735FD0081DEAE /* r_fire.png */ = {isa = PBXFileReference; lastKnownFileType = image.png; path = r_fire.png; sourceTree = "<group>"; };
		E560FB7D1FC735FD0081DEAE /* オーディン.png */ = {isa = PBXFileReference; lastKnownFileType = image.png; path = "オーディン.png"; sourceTree = "<group>"; };
		E560FB7E1FC735FD0081DEAE /* sammon2.gif */ = {isa = PBXFileReference; lastKnownFileType = image.gif; path = sammon2.gif; sourceTree = "<group>"; };
		E560FB7F1FC735FD0081DEAE /* sougen.png */ = {isa = PBXFileReference; lastKnownFileType = image.png; path = sougen.png; sourceTree = "<group>"; };
		E560FB801FC735FD0081DEAE /* ユミル.png */ = {isa = PBXFileReference; lastKnownFileType = image.png; path = "ユミル.png"; sourceTree = "<group>"; };
		E560FB811FC735FD0081DEAE /* sam2.gif */ = {isa = PBXFileReference; lastKnownFileType = image.gif; path = sam2.gif; sourceTree = "<group>"; };
		E560FB821FC735FD0081DEAE /* mes_bk.png */ = {isa = PBXFileReference; lastKnownFileType = image.png; path = mes_bk.png; sourceTree = "<group>"; };
		E560FB831FC735FD0081DEAE /* r_thunder.png */ = {isa = PBXFileReference; lastKnownFileType = image.png; path = r_thunder.png; sourceTree = "<group>"; };
		E560FB841FC735FE0081DEAE /* ヴァルキリー.png */ = {isa = PBXFileReference; lastKnownFileType = image.png; path = "ヴァルキリー.png"; sourceTree = "<group>"; };
		E560FB851FC735FE0081DEAE /* slash.png */ = {isa = PBXFileReference; lastKnownFileType = image.png; path = slash.png; sourceTree = "<group>"; };
		E560FB861FC735FE0081DEAE /* title.png */ = {isa = PBXFileReference; lastKnownFileType = image.png; path = title.png; sourceTree = "<group>"; };
		E560FB871FC735FE0081DEAE /* s22.gif */ = {isa = PBXFileReference; lastKnownFileType = image.gif; path = s22.gif; sourceTree = "<group>"; };
		E560FB881FC735FE0081DEAE /* r_ice.png */ = {isa = PBXFileReference; lastKnownFileType = image.png; path = r_ice.png; sourceTree = "<group>"; };
		E560FB891FC735FF0081DEAE /* シャドウ.png */ = {isa = PBXFileReference; lastKnownFileType = image.png; path = "シャドウ.png"; sourceTree = "<group>"; };
		E560FB8A1FC735FF0081DEAE /* logo.png */ = {isa = PBXFileReference; lastKnownFileType = image.png; path = logo.png; sourceTree = "<group>"; };
		E560FB8B1FC735FF0081DEAE /* r_leaf.png */ = {isa = PBXFileReference; lastKnownFileType = image.png; path = r_leaf.png; sourceTree = "<group>"; };
		E560FB8C1FC735FF0081DEAE /* r_dark.png */ = {isa = PBXFileReference; lastKnownFileType = image.png; path = r_dark.png; sourceTree = "<group>"; };
		E560FB8E1FC736000081DEAE /* r_shine.png */ = {isa = PBXFileReference; lastKnownFileType = image.png; path = r_shine.png; sourceTree = "<group>"; };
		E560FB8F1FC736000081DEAE /* sozai2.png */ = {isa = PBXFileReference; lastKnownFileType = image.png; path = sozai2.png; sourceTree = "<group>"; };
		E5B9D1E41FCADF5E0003A676 /* sozai.png */ = {isa = PBXFileReference; lastKnownFileType = image.png; path = sozai.png; sourceTree = "<group>"; };
/* End PBXFileReference section */

/* Begin PBXFrameworksBuildPhase section */
		E560FAB91FC72C130081DEAE /* Frameworks */ = {
			isa = PBXFrameworksBuildPhase;
			buildActionMask = 2147483647;
			files = (
			);
			runOnlyForDeploymentPostprocessing = 0;
		};
		E560FACD1FC72C130081DEAE /* Frameworks */ = {
			isa = PBXFrameworksBuildPhase;
			buildActionMask = 2147483647;
			files = (
			);
			runOnlyForDeploymentPostprocessing = 0;
		};
		E560FAD81FC72C130081DEAE /* Frameworks */ = {
			isa = PBXFrameworksBuildPhase;
			buildActionMask = 2147483647;
			files = (
			);
			runOnlyForDeploymentPostprocessing = 0;
		};
/* End PBXFrameworksBuildPhase section */

/* Begin PBXGroup section */
		E560FAB31FC72C130081DEAE = {
			isa = PBXGroup;
			children = (
				E503332F1FC74854002A92BE /* GL-Runen.ttf */,
				E560FABE1FC72C130081DEAE /* Digikore2 */,
				E560FAD31FC72C130081DEAE /* Digikore2Tests */,
				E560FADE1FC72C130081DEAE /* Digikore2UITests */,
				E560FABD1FC72C130081DEAE /* Products */,
			);
			sourceTree = "<group>";
		};
		E560FABD1FC72C130081DEAE /* Products */ = {
			isa = PBXGroup;
			children = (
				E560FABC1FC72C130081DEAE /* Digikore2.app */,
				E560FAD01FC72C130081DEAE /* Digikore2Tests.xctest */,
				E560FADB1FC72C130081DEAE /* Digikore2UITests.xctest */,
			);
			name = Products;
			sourceTree = "<group>";
		};
		E560FABE1FC72C130081DEAE /* Digikore2 */ = {
			isa = PBXGroup;
			children = (
				E560FB651FC731AC0081DEAE /* Character.swift.swift */,
				E560FB661FC731AC0081DEAE /* EffectImageManager.swift */,
				E560FB621FC731AC0081DEAE /* EffectImages.swift */,
				E560FB681FC731AC0081DEAE /* Enemy.swift */,
				E560FB631FC731AC0081DEAE /* Resource.swift */,
				E560FB671FC731AC0081DEAE /* SoundManager.swift */,
				E560FB641FC731AC0081DEAE /* Unit.swift */,
				E560FABF1FC72C130081DEAE /* AppDelegate.swift */,
				E560FAC11FC72C130081DEAE /* ViewController.swift */,
				E560FAC31FC72C130081DEAE /* Main.storyboard */,
				E560FAC61FC72C130081DEAE /* Assets.xcassets */,
				E560FAC81FC72C130081DEAE /* LaunchScreen.storyboard */,
				E560FACB1FC72C130081DEAE /* Info.plist */,
				E50333341FC754BC002A92BE /* Title03c.png */,
				E503333E1FC9A9A8002A92BE /* secret.png */,
				E503332D1FC74659002A92BE /* book04.png */,
				E50333301FC74DB1002A92BE /* sword.png */,
				E50333311FC74E01002A92BE /* shield.png */,
				E50333321FC74E57002A92BE /* boots.png */,
				E503333D1FC9A6AE002A92BE /* magic.png */,
				E50333331FC74F20002A92BE /* lucky.png */,
				E560FB5C1FC731790081DEAE /* Extensions */,
				E560FB4D1FC731490081DEAE /* Battle */,
				E560FB311FC731040081DEAE /* SupportingFiles */,
				E50333281FC740C0002A92BE /* DKUnitStatusView.swift */,
				E503332A1FC740CC002A92BE /* DKUnitStatusView.xib */,
			);
			path = Digikore2;
			sourceTree = "<group>";
		};
		E560FAD31FC72C130081DEAE /* Digikore2Tests */ = {
			isa = PBXGroup;
			children = (
				E560FAD41FC72C130081DEAE /* Digikore2Tests.swift */,
				E560FAD61FC72C130081DEAE /* Info.plist */,
			);
			path = Digikore2Tests;
			sourceTree = "<group>";
		};
		E560FADE1FC72C130081DEAE /* Digikore2UITests */ = {
			isa = PBXGroup;
			children = (
				E560FADF1FC72C130081DEAE /* Digikore2UITests.swift */,
				E560FAE11FC72C130081DEAE /* Info.plist */,
			);
			path = Digikore2UITests;
			sourceTree = "<group>";
		};
		E560FB311FC731040081DEAE /* SupportingFiles */ = {
			isa = PBXGroup;
			children = (
				E560FB321FC731040081DEAE /* Image */,
				E560FB441FC731040081DEAE /* Sound */,
			);
			path = SupportingFiles;
			sourceTree = "<group>";
		};
		E560FB321FC731040081DEAE /* Image */ = {
			isa = PBXGroup;
			children = (
				E503332C1FC7422A002A92BE /* status_valkely.png */,
				E560FB8A1FC735FF0081DEAE /* logo.png */,
				E560FB821FC735FD0081DEAE /* mes_bk.png */,
				E560FB8C1FC735FF0081DEAE /* r_dark.png */,
				E560FB7C1FC735FD0081DEAE /* r_fire.png */,
				E560FB881FC735FE0081DEAE /* r_ice.png */,
				E560FB8B1FC735FF0081DEAE /* r_leaf.png */,
				E560FB8E1FC736000081DEAE /* r_shine.png */,
				E560FB831FC735FD0081DEAE /* r_thunder.png */,
				E560FB871FC735FE0081DEAE /* s22.gif */,
				E560FB811FC735FD0081DEAE /* sam2.gif */,
				E560FB7E1FC735FD0081DEAE /* sammon2.gif */,
				E5B9D1E41FCADF5E0003A676 /* sozai.png */,
				E560FB851FC735FE0081DEAE /* slash.png */,
				E560FB7F1FC735FD0081DEAE /* sougen.png */,
				E560FB8F1FC736000081DEAE /* sozai2.png */,
				E560FB861FC735FE0081DEAE /* title.png */,
				E560FB841FC735FE0081DEAE /* ヴァルキリー.png */,
				E560FB7D1FC735FD0081DEAE /* オーディン.png */,
				E560FB891FC735FF0081DEAE /* シャドウ.png */,
				E560FB801FC735FD0081DEAE /* ユミル.png */,
			);
			path = Image;
			sourceTree = "<group>";
		};
		E560FB441FC731040081DEAE /* Sound */ = {
			isa = PBXGroup;
			children = (
				E560FB451FC731040081DEAE /* aura.mp3 */,
				E560FB461FC731040081DEAE /* battle.m4a */,
				E560FB471FC731040081DEAE /* hometown.m4a */,
				E560FB481FC731040081DEAE /* lose.m4a */,
				E560FB491FC731040081DEAE /* punch-middle2.mp3 */,
				E560FB4A1FC731040081DEAE /* select.mp3 */,
				E560FB4B1FC731040081DEAE /* sword-slash1.mp3 */,
				E560FB4C1FC731040081DEAE /* win.m4a */,
			);
			path = Sound;
			sourceTree = "<group>";
		};
		E560FB4D1FC731490081DEAE /* Battle */ = {
			isa = PBXGroup;
			children = (
				E560FB4E1FC731490081DEAE /* battle.gif */,
				E560FB4F1FC731490081DEAE /* BattleAnimationViewController.swift */,
				E560FB501FC731490081DEAE /* BattleAnimationViewController.xib */,
				E560FB511FC731490081DEAE /* BattleDetailLogViewController.swift */,
				E560FB521FC731490081DEAE /* BattleDetailLogViewController.xib */,
				E560FB531FC731490081DEAE /* BattleLog.swift */,
				E560FB541FC731490081DEAE /* BattleLogGenerator.swift */,
				E560FB551FC731490081DEAE /* BattleLogicProtocol.swift */,
				E560FB561FC731490081DEAE /* BattleLogViewController.swift */,
				E560FB571FC731490081DEAE /* BattleUnitView.swift */,
				E560FB581FC731490081DEAE /* BattleUnitView.xib */,
			);
			path = Battle;
			sourceTree = "<group>";
		};
		E560FB5C1FC731790081DEAE /* Extensions */ = {
			isa = PBXGroup;
			children = (
				E560FB5D1FC731790081DEAE /* NSCoder+CodingKeySettable.swift */,
				E560FB5E1FC731790081DEAE /* UIImage+Cropping.swift */,
				E560FB5F1FC731790081DEAE /* UIImage+Gif.swift */,
				E560FB601FC731790081DEAE /* UINavigationController+Orientation.swift */,
				E560FB611FC731790081DEAE /* UIView+Animation.swift */,
			);
			path = Extensions;
			sourceTree = "<group>";
		};
/* End PBXGroup section */

/* Begin PBXNativeTarget section */
		E560FABB1FC72C130081DEAE /* Digikore2 */ = {
			isa = PBXNativeTarget;
			buildConfigurationList = E560FAE41FC72C130081DEAE /* Build configuration list for PBXNativeTarget "Digikore2" */;
			buildPhases = (
				E560FAB81FC72C130081DEAE /* Sources */,
				E560FAB91FC72C130081DEAE /* Frameworks */,
				E560FABA1FC72C130081DEAE /* Resources */,
			);
			buildRules = (
			);
			dependencies = (
			);
			name = Digikore2;
			productName = Digikore2;
			productReference = E560FABC1FC72C130081DEAE /* Digikore2.app */;
			productType = "com.apple.product-type.application";
		};
		E560FACF1FC72C130081DEAE /* Digikore2Tests */ = {
			isa = PBXNativeTarget;
			buildConfigurationList = E560FAE71FC72C130081DEAE /* Build configuration list for PBXNativeTarget "Digikore2Tests" */;
			buildPhases = (
				E560FACC1FC72C130081DEAE /* Sources */,
				E560FACD1FC72C130081DEAE /* Frameworks */,
				E560FACE1FC72C130081DEAE /* Resources */,
			);
			buildRules = (
			);
			dependencies = (
				E560FAD21FC72C130081DEAE /* PBXTargetDependency */,
			);
			name = Digikore2Tests;
			productName = Digikore2Tests;
			productReference = E560FAD01FC72C130081DEAE /* Digikore2Tests.xctest */;
			productType = "com.apple.product-type.bundle.unit-test";
		};
		E560FADA1FC72C130081DEAE /* Digikore2UITests */ = {
			isa = PBXNativeTarget;
			buildConfigurationList = E560FAEA1FC72C130081DEAE /* Build configuration list for PBXNativeTarget "Digikore2UITests" */;
			buildPhases = (
				E560FAD71FC72C130081DEAE /* Sources */,
				E560FAD81FC72C130081DEAE /* Frameworks */,
				E560FAD91FC72C130081DEAE /* Resources */,
			);
			buildRules = (
			);
			dependencies = (
				E560FADD1FC72C130081DEAE /* PBXTargetDependency */,
			);
			name = Digikore2UITests;
			productName = Digikore2UITests;
			productReference = E560FADB1FC72C130081DEAE /* Digikore2UITests.xctest */;
			productType = "com.apple.product-type.bundle.ui-testing";
		};
/* End PBXNativeTarget section */

/* Begin PBXProject section */
		E560FAB41FC72C130081DEAE /* Project object */ = {
			isa = PBXProject;
			attributes = {
				LastSwiftUpdateCheck = 0900;
				LastUpgradeCheck = 0900;
				ORGANIZATIONNAME = Tomo_N;
				TargetAttributes = {
					E560FABB1FC72C130081DEAE = {
						CreatedOnToolsVersion = 9.0;
						ProvisioningStyle = Automatic;
					};
					E560FACF1FC72C130081DEAE = {
						CreatedOnToolsVersion = 9.0;
						ProvisioningStyle = Automatic;
						TestTargetID = E560FABB1FC72C130081DEAE;
					};
					E560FADA1FC72C130081DEAE = {
						CreatedOnToolsVersion = 9.0;
						ProvisioningStyle = Automatic;
						TestTargetID = E560FABB1FC72C130081DEAE;
					};
				};
			};
			buildConfigurationList = E560FAB71FC72C130081DEAE /* Build configuration list for PBXProject "Digikore2" */;
			compatibilityVersion = "Xcode 8.0";
			developmentRegion = en;
			hasScannedForEncodings = 0;
			knownRegions = (
				en,
				Base,
			);
			mainGroup = E560FAB31FC72C130081DEAE;
			productRefGroup = E560FABD1FC72C130081DEAE /* Products */;
			projectDirPath = "";
			projectRoot = "";
			targets = (
				E560FABB1FC72C130081DEAE /* Digikore2 */,
				E560FACF1FC72C130081DEAE /* Digikore2Tests */,
				E560FADA1FC72C130081DEAE /* Digikore2UITests */,
			);
		};
/* End PBXProject section */

/* Begin PBXResourcesBuildPhase section */
		E560FABA1FC72C130081DEAE /* Resources */ = {
			isa = PBXResourcesBuildPhase;
			buildActionMask = 2147483647;
			files = (
				E5B9D1E91FCAE14E0003A676 /* GL-Runen.ttf in Resources */,
				E5B9D1E51FCADFAD0003A676 /* sozai.png in Resources */,
				E5BABA051FC9BCC0008737A0 /* secret.png in Resources */,
				E5BABA061FC9BCC0008737A0 /* magic.png in Resources */,
				E503333C1FC75D8E002A92BE /* DKUnitStatusView.swift in Resources */,
				E503333B1FC75D5C002A92BE /* status_valkely.png in Resources */,
				E50333351FC75D56002A92BE /* Title03c.png in Resources */,
				E50333361FC75D56002A92BE /* book04.png in Resources */,
				E50333371FC75D56002A92BE /* sword.png in Resources */,
				E50333381FC75D56002A92BE /* shield.png in Resources */,
				E50333391FC75D56002A92BE /* boots.png in Resources */,
				E503333A1FC75D56002A92BE /* lucky.png in Resources */,
				E50333071FC7370E002A92BE /* logo.png in Resources */,
				E50333081FC7370E002A92BE /* mes_bk.png in Resources */,
				E50333091FC7370E002A92BE /* r_dark.png in Resources */,
				E503330A1FC7370E002A92BE /* r_fire.png in Resources */,
				E503330B1FC7370E002A92BE /* r_ice.png in Resources */,
				E503330C1FC7370E002A92BE /* r_leaf.png in Resources */,
				E503330D1FC7370E002A92BE /* r_shine.png in Resources */,
				E503330E1FC7370E002A92BE /* r_thunder.png in Resources */,
				E503330F1FC7370E002A92BE /* s22.gif in Resources */,
				E50333101FC7370E002A92BE /* sam2.gif in Resources */,
				E50333111FC7370E002A92BE /* sammon2.gif in Resources */,
				E50333121FC7370E002A92BE /* slash.png in Resources */,
				E50333131FC7370E002A92BE /* sougen.png in Resources */,
				E50333151FC7370E002A92BE /* sozai2.png in Resources */,
				E50333161FC7370E002A92BE /* title.png in Resources */,
				E50333171FC7370E002A92BE /* ヴァルキリー.png in Resources */,
				E50333181FC7370E002A92BE /* オーディン.png in Resources */,
				E50333191FC7370E002A92BE /* シャドウ.png in Resources */,
				E503331A1FC7370E002A92BE /* ユミル.png in Resources */,
				E503331B1FC7370E002A92BE /* aura.mp3 in Resources */,
				E503331C1FC7370E002A92BE /* battle.m4a in Resources */,
				E503331D1FC7370E002A92BE /* hometown.m4a in Resources */,
				E503331E1FC7370E002A92BE /* lose.m4a in Resources */,
				E503331F1FC7370E002A92BE /* punch-middle2.mp3 in Resources */,
				E50333201FC7370E002A92BE /* select.mp3 in Resources */,
				E50333211FC7370E002A92BE /* sword-slash1.mp3 in Resources */,
				E50333221FC7370E002A92BE /* win.m4a in Resources */,
				E50332FC1FC73701002A92BE /* battle.gif in Resources */,
				E50332FD1FC73701002A92BE /* BattleAnimationViewController.swift in Resources */,
				E50332FE1FC73701002A92BE /* BattleAnimationViewController.xib in Resources */,
				E50332FF1FC73701002A92BE /* BattleDetailLogViewController.swift in Resources */,
				E50333001FC73701002A92BE /* BattleDetailLogViewController.xib in Resources */,
				E50333011FC73701002A92BE /* BattleLog.swift in Resources */,
				E50333021FC73701002A92BE /* BattleLogGenerator.swift in Resources */,
				E50333031FC73701002A92BE /* BattleLogicProtocol.swift in Resources */,
				E50333041FC73701002A92BE /* BattleLogViewController.swift in Resources */,
				E50333051FC73701002A92BE /* BattleUnitView.swift in Resources */,
				E50333061FC73701002A92BE /* BattleUnitView.xib in Resources */,
				E503332B1FC740CC002A92BE /* DKUnitStatusView.xib in Resources */,
				E50332F71FC736F7002A92BE /* NSCoder+CodingKeySettable.swift in Resources */,
				E50332F81FC736F7002A92BE /* UIImage+Cropping.swift in Resources */,
				E50332F91FC736F7002A92BE /* UIImage+Gif.swift in Resources */,
				E50332FA1FC736F7002A92BE /* UINavigationController+Orientation.swift in Resources */,
				E50332FB1FC736F7002A92BE /* UIView+Animation.swift in Resources */,
				E50332EE1FC736EF002A92BE /* Character.swift.swift in Resources */,
				E50332EF1FC736EF002A92BE /* EffectImageManager.swift in Resources */,
				E50332F01FC736EF002A92BE /* EffectImages.swift in Resources */,
				E50332F11FC736EF002A92BE /* Enemy.swift in Resources */,
				E50332F21FC736EF002A92BE /* Resource.swift in Resources */,
				E50332F31FC736EF002A92BE /* SoundManager.swift in Resources */,
				E50332F41FC736EF002A92BE /* Unit.swift in Resources */,
				E50332F51FC736EF002A92BE /* AppDelegate.swift in Resources */,
				E50332F61FC736EF002A92BE /* ViewController.swift in Resources */,
				E560FACA1FC72C130081DEAE /* LaunchScreen.storyboard in Resources */,
				E560FAC71FC72C130081DEAE /* Assets.xcassets in Resources */,
				E560FAC51FC72C130081DEAE /* Main.storyboard in Resources */,
			);
			runOnlyForDeploymentPostprocessing = 0;
		};
		E560FACE1FC72C130081DEAE /* Resources */ = {
			isa = PBXResourcesBuildPhase;
			buildActionMask = 2147483647;
			files = (
			);
			runOnlyForDeploymentPostprocessing = 0;
		};
		E560FAD91FC72C130081DEAE /* Resources */ = {
			isa = PBXResourcesBuildPhase;
			buildActionMask = 2147483647;
			files = (
			);
			runOnlyForDeploymentPostprocessing = 0;
		};
/* End PBXResourcesBuildPhase section */

/* Begin PBXSourcesBuildPhase section */
		E560FAB81FC72C130081DEAE /* Sources */ = {
			isa = PBXSourcesBuildPhase;
			buildActionMask = 2147483647;
			files = (
				E560FB7A1FC732AF0081DEAE /* BattleLogicProtocol.swift in Sources */,
				E560FB6B1FC731AD0081DEAE /* Unit.swift in Sources */,
				E560FB6E1FC731AD0081DEAE /* SoundManager.swift in Sources */,
				E560FAC21FC72C130081DEAE /* ViewController.swift in Sources */,
				E560FB731FC732970081DEAE /* UIView+Animation.swift in Sources */,
				E560FB6A1FC731AD0081DEAE /* Resource.swift in Sources */,
				E560FB721FC732970081DEAE /* UINavigationController+Orientation.swift in Sources */,
				E560FB711FC732970081DEAE /* NSCoder+CodingKeySettable.swift in Sources */,
				E560FAC01FC72C130081DEAE /* AppDelegate.swift in Sources */,
				E560FB781FC732AF0081DEAE /* BattleDetailLogViewController.swift in Sources */,
				E560FB761FC732AF0081DEAE /* BattleLog.swift in Sources */,
				E50333291FC740C0002A92BE /* DKUnitStatusView.swift in Sources */,
				E560FB771FC732AF0081DEAE /* BattleAnimationViewController.swift in Sources */,
				E560FB6F1FC731AD0081DEAE /* Enemy.swift in Sources */,
				E560FB6C1FC731AD0081DEAE /* Character.swift.swift in Sources */,
				E560FB6D1FC731AD0081DEAE /* EffectImageManager.swift in Sources */,
				E560FB791FC732AF0081DEAE /* BattleLogGenerator.swift in Sources */,
				E560FB7B1FC732AF0081DEAE /* BattleLogViewController.swift in Sources */,
				E560FB701FC732970081DEAE /* UIImage+Gif.swift in Sources */,
				E560FB691FC731AD0081DEAE /* EffectImages.swift in Sources */,
				E560FB751FC732AF0081DEAE /* BattleUnitView.swift in Sources */,
				E560FB741FC732970081DEAE /* UIImage+Cropping.swift in Sources */,
			);
			runOnlyForDeploymentPostprocessing = 0;
		};
		E560FACC1FC72C130081DEAE /* Sources */ = {
			isa = PBXSourcesBuildPhase;
			buildActionMask = 2147483647;
			files = (
				E560FAD51FC72C130081DEAE /* Digikore2Tests.swift in Sources */,
			);
			runOnlyForDeploymentPostprocessing = 0;
		};
		E560FAD71FC72C130081DEAE /* Sources */ = {
			isa = PBXSourcesBuildPhase;
			buildActionMask = 2147483647;
			files = (
				E560FAE01FC72C130081DEAE /* Digikore2UITests.swift in Sources */,
			);
			runOnlyForDeploymentPostprocessing = 0;
		};
/* End PBXSourcesBuildPhase section */

/* Begin PBXTargetDependency section */
		E560FAD21FC72C130081DEAE /* PBXTargetDependency */ = {
			isa = PBXTargetDependency;
			target = E560FABB1FC72C130081DEAE /* Digikore2 */;
			targetProxy = E560FAD11FC72C130081DEAE /* PBXContainerItemProxy */;
		};
		E560FADD1FC72C130081DEAE /* PBXTargetDependency */ = {
			isa = PBXTargetDependency;
			target = E560FABB1FC72C130081DEAE /* Digikore2 */;
			targetProxy = E560FADC1FC72C130081DEAE /* PBXContainerItemProxy */;
		};
/* End PBXTargetDependency section */

/* Begin PBXVariantGroup section */
		E560FAC31FC72C130081DEAE /* Main.storyboard */ = {
			isa = PBXVariantGroup;
			children = (
				E560FAC41FC72C130081DEAE /* Base */,
			);
			name = Main.storyboard;
			sourceTree = "<group>";
		};
		E560FAC81FC72C130081DEAE /* LaunchScreen.storyboard */ = {
			isa = PBXVariantGroup;
			children = (
				E560FAC91FC72C130081DEAE /* Base */,
			);
			name = LaunchScreen.storyboard;
			sourceTree = "<group>";
		};
/* End PBXVariantGroup section */

/* Begin XCBuildConfiguration section */
		E560FAE21FC72C130081DEAE /* Debug */ = {
			isa = XCBuildConfiguration;
			buildSettings = {
				ALWAYS_SEARCH_USER_PATHS = NO;
				CLANG_ANALYZER_NONNULL = YES;
				CLANG_ANALYZER_NUMBER_OBJECT_CONVERSION = YES_AGGRESSIVE;
				CLANG_CXX_LANGUAGE_STANDARD = "gnu++14";
				CLANG_CXX_LIBRARY = "libc++";
				CLANG_ENABLE_MODULES = YES;
				CLANG_ENABLE_OBJC_ARC = YES;
				CLANG_WARN_BLOCK_CAPTURE_AUTORELEASING = YES;
				CLANG_WARN_BOOL_CONVERSION = YES;
				CLANG_WARN_COMMA = YES;
				CLANG_WARN_CONSTANT_CONVERSION = YES;
				CLANG_WARN_DIRECT_OBJC_ISA_USAGE = YES_ERROR;
				CLANG_WARN_DOCUMENTATION_COMMENTS = YES;
				CLANG_WARN_EMPTY_BODY = YES;
				CLANG_WARN_ENUM_CONVERSION = YES;
				CLANG_WARN_INFINITE_RECURSION = YES;
				CLANG_WARN_INT_CONVERSION = YES;
				CLANG_WARN_NON_LITERAL_NULL_CONVERSION = YES;
				CLANG_WARN_OBJC_LITERAL_CONVERSION = YES;
				CLANG_WARN_OBJC_ROOT_CLASS = YES_ERROR;
				CLANG_WARN_RANGE_LOOP_ANALYSIS = YES;
				CLANG_WARN_STRICT_PROTOTYPES = YES;
				CLANG_WARN_SUSPICIOUS_MOVE = YES;
				CLANG_WARN_UNGUARDED_AVAILABILITY = YES_AGGRESSIVE;
				CLANG_WARN_UNREACHABLE_CODE = YES;
				CLANG_WARN__DUPLICATE_METHOD_MATCH = YES;
				CODE_SIGN_IDENTITY = "iPhone Developer";
				COPY_PHASE_STRIP = NO;
				DEBUG_INFORMATION_FORMAT = dwarf;
				ENABLE_STRICT_OBJC_MSGSEND = YES;
				ENABLE_TESTABILITY = YES;
				GCC_C_LANGUAGE_STANDARD = gnu11;
				GCC_DYNAMIC_NO_PIC = NO;
				GCC_NO_COMMON_BLOCKS = YES;
				GCC_OPTIMIZATION_LEVEL = 0;
				GCC_PREPROCESSOR_DEFINITIONS = (
					"DEBUG=1",
					"$(inherited)",
				);
				GCC_WARN_64_TO_32_BIT_CONVERSION = YES;
				GCC_WARN_ABOUT_RETURN_TYPE = YES_ERROR;
				GCC_WARN_UNDECLARED_SELECTOR = YES;
				GCC_WARN_UNINITIALIZED_AUTOS = YES_AGGRESSIVE;
				GCC_WARN_UNUSED_FUNCTION = YES;
				GCC_WARN_UNUSED_VARIABLE = YES;
				IPHONEOS_DEPLOYMENT_TARGET = 11.0;
				MTL_ENABLE_DEBUG_INFO = YES;
				ONLY_ACTIVE_ARCH = YES;
				SDKROOT = iphoneos;
				SWIFT_ACTIVE_COMPILATION_CONDITIONS = DEBUG;
				SWIFT_OPTIMIZATION_LEVEL = "-Onone";
			};
			name = Debug;
		};
		E560FAE31FC72C130081DEAE /* Release */ = {
			isa = XCBuildConfiguration;
			buildSettings = {
				ALWAYS_SEARCH_USER_PATHS = NO;
				CLANG_ANALYZER_NONNULL = YES;
				CLANG_ANALYZER_NUMBER_OBJECT_CONVERSION = YES_AGGRESSIVE;
				CLANG_CXX_LANGUAGE_STANDARD = "gnu++14";
				CLANG_CXX_LIBRARY = "libc++";
				CLANG_ENABLE_MODULES = YES;
				CLANG_ENABLE_OBJC_ARC = YES;
				CLANG_WARN_BLOCK_CAPTURE_AUTORELEASING = YES;
				CLANG_WARN_BOOL_CONVERSION = YES;
				CLANG_WARN_COMMA = YES;
				CLANG_WARN_CONSTANT_CONVERSION = YES;
				CLANG_WARN_DIRECT_OBJC_ISA_USAGE = YES_ERROR;
				CLANG_WARN_DOCUMENTATION_COMMENTS = YES;
				CLANG_WARN_EMPTY_BODY = YES;
				CLANG_WARN_ENUM_CONVERSION = YES;
				CLANG_WARN_INFINITE_RECURSION = YES;
				CLANG_WARN_INT_CONVERSION = YES;
				CLANG_WARN_NON_LITERAL_NULL_CONVERSION = YES;
				CLANG_WARN_OBJC_LITERAL_CONVERSION = YES;
				CLANG_WARN_OBJC_ROOT_CLASS = YES_ERROR;
				CLANG_WARN_RANGE_LOOP_ANALYSIS = YES;
				CLANG_WARN_STRICT_PROTOTYPES = YES;
				CLANG_WARN_SUSPICIOUS_MOVE = YES;
				CLANG_WARN_UNGUARDED_AVAILABILITY = YES_AGGRESSIVE;
				CLANG_WARN_UNREACHABLE_CODE = YES;
				CLANG_WARN__DUPLICATE_METHOD_MATCH = YES;
				CODE_SIGN_IDENTITY = "iPhone Developer";
				COPY_PHASE_STRIP = NO;
				DEBUG_INFORMATION_FORMAT = "dwarf-with-dsym";
				ENABLE_NS_ASSERTIONS = NO;
				ENABLE_STRICT_OBJC_MSGSEND = YES;
				GCC_C_LANGUAGE_STANDARD = gnu11;
				GCC_NO_COMMON_BLOCKS = YES;
				GCC_WARN_64_TO_32_BIT_CONVERSION = YES;
				GCC_WARN_ABOUT_RETURN_TYPE = YES_ERROR;
				GCC_WARN_UNDECLARED_SELECTOR = YES;
				GCC_WARN_UNINITIALIZED_AUTOS = YES_AGGRESSIVE;
				GCC_WARN_UNUSED_FUNCTION = YES;
				GCC_WARN_UNUSED_VARIABLE = YES;
				IPHONEOS_DEPLOYMENT_TARGET = 11.0;
				MTL_ENABLE_DEBUG_INFO = NO;
				SDKROOT = iphoneos;
				SWIFT_OPTIMIZATION_LEVEL = "-Owholemodule";
				VALIDATE_PRODUCT = YES;
			};
			name = Release;
		};
		E560FAE51FC72C130081DEAE /* Debug */ = {
			isa = XCBuildConfiguration;
			buildSettings = {
				ASSETCATALOG_COMPILER_APPICON_NAME = AppIcon;
				CODE_SIGN_STYLE = Automatic;
				DEVELOPMENT_TEAM = C624C553P9;
				INFOPLIST_FILE = Digikore2/Info.plist;
				LD_RUNPATH_SEARCH_PATHS = "$(inherited) @executable_path/Frameworks";
				PRODUCT_BUNDLE_IDENTIFIER = Test.Digikore2;
				PRODUCT_NAME = "$(TARGET_NAME)";
				SWIFT_VERSION = 4.0;
				TARGETED_DEVICE_FAMILY = "1,2";
			};
			name = Debug;
		};
		E560FAE61FC72C130081DEAE /* Release */ = {
			isa = XCBuildConfiguration;
			buildSettings = {
				ASSETCATALOG_COMPILER_APPICON_NAME = AppIcon;
				CODE_SIGN_STYLE = Automatic;
				DEVELOPMENT_TEAM = C624C553P9;
				INFOPLIST_FILE = Digikore2/Info.plist;
				LD_RUNPATH_SEARCH_PATHS = "$(inherited) @executable_path/Frameworks";
				PRODUCT_BUNDLE_IDENTIFIER = Test.Digikore2;
				PRODUCT_NAME = "$(TARGET_NAME)";
				SWIFT_VERSION = 4.0;
				TARGETED_DEVICE_FAMILY = "1,2";
			};
			name = Release;
		};
		E560FAE81FC72C130081DEAE /* Debug */ = {
			isa = XCBuildConfiguration;
			buildSettings = {
				ALWAYS_EMBED_SWIFT_STANDARD_LIBRARIES = YES;
				BUNDLE_LOADER = "$(TEST_HOST)";
				CODE_SIGN_STYLE = Automatic;
				INFOPLIST_FILE = Digikore2Tests/Info.plist;
				LD_RUNPATH_SEARCH_PATHS = "$(inherited) @executable_path/Frameworks @loader_path/Frameworks";
				PRODUCT_BUNDLE_IDENTIFIER = Test.Digikore2Tests;
				PRODUCT_NAME = "$(TARGET_NAME)";
				SWIFT_VERSION = 4.0;
				TARGETED_DEVICE_FAMILY = "1,2";
				TEST_HOST = "$(BUILT_PRODUCTS_DIR)/Digikore2.app/Digikore2";
			};
			name = Debug;
		};
		E560FAE91FC72C130081DEAE /* Release */ = {
			isa = XCBuildConfiguration;
			buildSettings = {
				ALWAYS_EMBED_SWIFT_STANDARD_LIBRARIES = YES;
				BUNDLE_LOADER = "$(TEST_HOST)";
				CODE_SIGN_STYLE = Automatic;
				INFOPLIST_FILE = Digikore2Tests/Info.plist;
				LD_RUNPATH_SEARCH_PATHS = "$(inherited) @executable_path/Frameworks @loader_path/Frameworks";
				PRODUCT_BUNDLE_IDENTIFIER = Test.Digikore2Tests;
				PRODUCT_NAME = "$(TARGET_NAME)";
				SWIFT_VERSION = 4.0;
				TARGETED_DEVICE_FAMILY = "1,2";
				TEST_HOST = "$(BUILT_PRODUCTS_DIR)/Digikore2.app/Digikore2";
			};
			name = Release;
		};
		E560FAEB1FC72C130081DEAE /* Debug */ = {
			isa = XCBuildConfiguration;
			buildSettings = {
				ALWAYS_EMBED_SWIFT_STANDARD_LIBRARIES = YES;
				CODE_SIGN_STYLE = Automatic;
				INFOPLIST_FILE = Digikore2UITests/Info.plist;
				LD_RUNPATH_SEARCH_PATHS = "$(inherited) @executable_path/Frameworks @loader_path/Frameworks";
				PRODUCT_BUNDLE_IDENTIFIER = Test.Digikore2UITests;
				PRODUCT_NAME = "$(TARGET_NAME)";
				SWIFT_VERSION = 4.0;
				TARGETED_DEVICE_FAMILY = "1,2";
				TEST_TARGET_NAME = Digikore2;
			};
			name = Debug;
		};
		E560FAEC1FC72C130081DEAE /* Release */ = {
			isa = XCBuildConfiguration;
			buildSettings = {
				ALWAYS_EMBED_SWIFT_STANDARD_LIBRARIES = YES;
				CODE_SIGN_STYLE = Automatic;
				INFOPLIST_FILE = Digikore2UITests/Info.plist;
				LD_RUNPATH_SEARCH_PATHS = "$(inherited) @executable_path/Frameworks @loader_path/Frameworks";
				PRODUCT_BUNDLE_IDENTIFIER = Test.Digikore2UITests;
				PRODUCT_NAME = "$(TARGET_NAME)";
				SWIFT_VERSION = 4.0;
				TARGETED_DEVICE_FAMILY = "1,2";
				TEST_TARGET_NAME = Digikore2;
			};
			name = Release;
		};
/* End XCBuildConfiguration section */

/* Begin XCConfigurationList section */
		E560FAB71FC72C130081DEAE /* Build configuration list for PBXProject "Digikore2" */ = {
			isa = XCConfigurationList;
			buildConfigurations = (
				E560FAE21FC72C130081DEAE /* Debug */,
				E560FAE31FC72C130081DEAE /* Release */,
			);
			defaultConfigurationIsVisible = 0;
			defaultConfigurationName = Release;
		};
		E560FAE41FC72C130081DEAE /* Build configuration list for PBXNativeTarget "Digikore2" */ = {
			isa = XCConfigurationList;
			buildConfigurations = (
				E560FAE51FC72C130081DEAE /* Debug */,
				E560FAE61FC72C130081DEAE /* Release */,
			);
			defaultConfigurationIsVisible = 0;
			defaultConfigurationName = Release;
		};
		E560FAE71FC72C130081DEAE /* Build configuration list for PBXNativeTarget "Digikore2Tests" */ = {
			isa = XCConfigurationList;
			buildConfigurations = (
				E560FAE81FC72C130081DEAE /* Debug */,
				E560FAE91FC72C130081DEAE /* Release */,
			);
			defaultConfigurationIsVisible = 0;
			defaultConfigurationName = Release;
		};
		E560FAEA1FC72C130081DEAE /* Build configuration list for PBXNativeTarget "Digikore2UITests" */ = {
			isa = XCConfigurationList;
			buildConfigurations = (
				E560FAEB1FC72C130081DEAE /* Debug */,
				E560FAEC1FC72C130081DEAE /* Release */,
			);
			defaultConfigurationIsVisible = 0;
			defaultConfigurationName = Release;
		};
/* End XCConfigurationList section */
	};
	rootObject = E560FAB41FC72C130081DEAE /* Project object */;
}
